
Microsoft Visual Studio Solution File, Format Version 12.00
# Visual Studio 15
VisualStudioVersion = 15.0.26730.15
MinimumVisualStudioVersion = 10.0.40219.1
Project("{888888A0-9F3D-457C-B088-3A5042F75D52}") = "HAHA", "HAHA\HAHA.pyproj", "{B1C611B1-3593-4959-848F-CA1B5BE72E27}"
EndProject
Global
	GlobalSection(SolutionConfigurationPlatforms) = preSolution
		Debug|Any CPU = Debug|Any CPU
		Release|Any CPU = Release|Any CPU
	EndGlobalSection
	GlobalSection(ProjectConfigurationPlatforms) = postSolution
		{B1C611B1-3593-4959-848F-CA1B5BE72E27}.Debug|Any CPU.ActiveCfg = Debug|Any CPU
		{B1C611B1-3593-4959-848F-CA1B5BE72E27}.Debug|Any CPU.Build.0 = Debug|Any CPU
		{B1C611B1-3593-4959-848F-CA1B5BE72E27}.Release|Any CPU.ActiveCfg = Release|Any CPU
		{B1C611B1-3593-4959-848F-CA1B5BE72E27}.Release|Any CPU.Build.0 = Release|Any CPU
	EndGlobalSection
	GlobalSection(SolutionProperties) = preSolution
		HideSolutionNode = FALSE
	EndGlobalSection
	GlobalSection(ExtensibilityGlobals) = postSolution
		SolutionGuid = {19478368-A3ED-4106-B3D7-CF55EC843D7C}
	EndGlobalSection
EndGlobal
